# This file is automatically @generated by Cargo.
# It is not intended for manual editing.
version = 4

[[package]]
name = "katna-bench"
version = "0.0.0"
dependencies = [
 "katna-core",
 "katna-search",
 "katna-store",
]

[[package]]
name = "katna-calendar"
version = "0.0.0"
dependencies = [
 "katna-chrome",
 "katna-core",
 "katna-dbus",
 "katna-org",
 "katna-platform",
 "katna-store",
 "katna-ui",
]

[[package]]
name = "katna-chrome"
version = "0.0.0"
dependencies = [
 "katna-core",
]

[[package]]
name = "katna-core"
version = "0.0.0"

[[package]]
name = "katna-daemon"
version = "0.0.0"
dependencies = [
 "katna-core",
 "katna-dav",
 "katna-dbus",
 "katna-meta",
 "katna-notify",
 "katna-org",
 "katna-platform",
 "katna-search",
 "katna-store",
 "katna-sync",
]

[[package]]
name = "katna-dav"
version = "0.0.0"
dependencies = [
 "katna-core",
 "katna-store",
]

[[package]]
name = "katna-dbus"
version = "0.0.0"
dependencies = [
 "katna-core",
]

[[package]]
name = "katna-mail"
version = "0.0.0"
dependencies = [
 "katna-chrome",
 "katna-core",
 "katna-dbus",
 "katna-org",
 "katna-platform",
 "katna-render",
 "katna-search",
 "katna-store",
 "katna-ui",
]

[[package]]
name = "katna-meta"
version = "0.0.0"
dependencies = [
 "katna-core",
 "katna-store",
]

[[package]]
name = "katna-notify"
version = "0.0.0"
dependencies = [
 "katna-core",
 "katna-dbus",
]

[[package]]
name = "katna-org"
version = "0.0.0"
dependencies = [
 "katna-core",
 "katna-store",
]

[[package]]
name = "katna-platform"
version = "0.0.0"
dependencies = [
 "katna-core",
]

[[package]]
name = "katna-render"
version = "0.0.0"
dependencies = [
 "katna-core",
]

[[package]]
name = "katna-search"
version = "0.0.0"
dependencies = [
 "katna-core",
 "katna-store",
]

[[package]]
name = "katna-search-cli"
version = "0.0.0"
dependencies = [
 "katna-core",
 "katna-search",
 "katna-store",
]

[[package]]
name = "katna-store"
version = "0.0.0"
dependencies = [
 "katna-core",
]

[[package]]
name = "katna-sync"
version = "0.0.0"
dependencies = [
 "katna-core",
 "katna-meta",
 "katna-store",
]

[[package]]
name = "katna-ui"
version = "0.0.0"
dependencies = [
 "katna-core",
]

[[package]]
name = "katnactl"
version = "0.0.0"
dependencies = [
 "katna-core",
 "katna-dbus",
]
